
Microsoft Visual Studio Solution File, Format Version 12.00
# Visual Studio Version 17
VisualStudioVersion = 17.2.32616.157
MinimumVisualStudioVersion = 10.0.40219.1
Project("{9A19103F-16F7-4668-BE54-9A1E7A4F7556}") = "MinimalAPIs", "MinimalAPIs\MinimalAPIs.csproj", "{2D62FD5A-343C-4EC8-99C2-25DECC6A345B}"
EndProject
Project("{9A19103F-16F7-4668-BE54-9A1E7A4F7556}") = "MinimalSPAwithAPIs", "MinimalSPAwithAPIs\MinimalSPAwithAPIs.csproj", "{AA94F15E-FBE5-42DE-B2C2-9E81B2918558}"
EndProject
Project("{9A19103F-16F7-4668-BE54-9A1E7A4F7556}") = "MinimalSPAwithAPIs.Test", "MinimalSPAwithAPIs.Test\MinimalSPAwithAPIs.Test.csproj", "{41F40EF5-42A9-449D-BB7C-99D25E5F304F}"
EndProject
Project("{FAE04EC0-301F-11D3-BF4B-00C04F79EFBC}") = "MVCwithMediatRandCQRS", "MVCwithMediatRandCQRS\MVCwithMediatRandCQRS.csproj", "{2F647CE7-83AC-4875-B195-D7C6C1D28FAB}"
EndProject
Project("{FAE04EC0-301F-11D3-BF4B-00C04F79EFBC}") = "GPTOpenAIwithDotNetAspireAPIs", "GPTOpenAIwithDotNetAspireAPIs\GPTOpenAIwithDotNetAspireAPIs.csproj", "{A847A7CA-1F94-2C66-7C92-5358DD1EB2CE}"
EndProject
Project("{FAE04EC0-301F-11D3-BF4B-00C04F79EFBC}") = "MinimalAPIs.AppHost", "MinimalAPIs.AppHost\MinimalAPIs.AppHost.csproj", "{EA7CB205-FBAD-43AA-8854-8EAF530E1AB1}"
EndProject
Project("{FAE04EC0-301F-11D3-BF4B-00C04F79EFBC}") = "MinimalAPIs.ServiceDefaults", "MinimalAPIs.ServiceDefaults\MinimalAPIs.ServiceDefaults.csproj", "{F2E43216-30D7-2B90-BB31-915E4203E223}"
EndProject
Global
	GlobalSection(SolutionConfigurationPlatforms) = preSolution
		Debug|Any CPU = Debug|Any CPU
		Release|Any CPU = Release|Any CPU
	EndGlobalSection
	GlobalSection(ProjectConfigurationPlatforms) = postSolution
		{2D62FD5A-343C-4EC8-99C2-25DECC6A345B}.Debug|Any CPU.ActiveCfg = Debug|Any CPU
		{2D62FD5A-343C-4EC8-99C2-25DECC6A345B}.Debug|Any CPU.Build.0 = Debug|Any CPU
		{2D62FD5A-343C-4EC8-99C2-25DECC6A345B}.Release|Any CPU.ActiveCfg = Release|Any CPU
		{2D62FD5A-343C-4EC8-99C2-25DECC6A345B}.Release|Any CPU.Build.0 = Release|Any CPU
		{AA94F15E-FBE5-42DE-B2C2-9E81B2918558}.Debug|Any CPU.ActiveCfg = Debug|Any CPU
		{AA94F15E-FBE5-42DE-B2C2-9E81B2918558}.Debug|Any CPU.Build.0 = Debug|Any CPU
		{AA94F15E-FBE5-42DE-B2C2-9E81B2918558}.Release|Any CPU.ActiveCfg = Release|Any CPU
		{AA94F15E-FBE5-42DE-B2C2-9E81B2918558}.Release|Any CPU.Build.0 = Release|Any CPU
		{41F40EF5-42A9-449D-BB7C-99D25E5F304F}.Debug|Any CPU.ActiveCfg = Debug|Any CPU
		{41F40EF5-42A9-449D-BB7C-99D25E5F304F}.Debug|Any CPU.Build.0 = Debug|Any CPU
		{41F40EF5-42A9-449D-BB7C-99D25E5F304F}.Release|Any CPU.ActiveCfg = Release|Any CPU
		{41F40EF5-42A9-449D-BB7C-99D25E5F304F}.Release|Any CPU.Build.0 = Release|Any CPU
		{2F647CE7-83AC-4875-B195-D7C6C1D28FAB}.Debug|Any CPU.ActiveCfg = Debug|Any CPU
		{2F647CE7-83AC-4875-B195-D7C6C1D28FAB}.Debug|Any CPU.Build.0 = Debug|Any CPU
		{2F647CE7-83AC-4875-B195-D7C6C1D28FAB}.Release|Any CPU.ActiveCfg = Release|Any CPU
		{2F647CE7-83AC-4875-B195-D7C6C1D28FAB}.Release|Any CPU.Build.0 = Release|Any CPU
		{A847A7CA-1F94-2C66-7C92-5358DD1EB2CE}.Debug|Any CPU.ActiveCfg = Debug|Any CPU
		{A847A7CA-1F94-2C66-7C92-5358DD1EB2CE}.Debug|Any CPU.Build.0 = Debug|Any CPU
		{A847A7CA-1F94-2C66-7C92-5358DD1EB2CE}.Release|Any CPU.ActiveCfg = Release|Any CPU
		{A847A7CA-1F94-2C66-7C92-5358DD1EB2CE}.Release|Any CPU.Build.0 = Release|Any CPU
		{EA7CB205-FBAD-43AA-8854-8EAF530E1AB1}.Debug|Any CPU.ActiveCfg = Debug|Any CPU
		{EA7CB205-FBAD-43AA-8854-8EAF530E1AB1}.Debug|Any CPU.Build.0 = Debug|Any CPU
		{EA7CB205-FBAD-43AA-8854-8EAF530E1AB1}.Release|Any CPU.ActiveCfg = Release|Any CPU
		{EA7CB205-FBAD-43AA-8854-8EAF530E1AB1}.Release|Any CPU.Build.0 = Release|Any CPU
		{F2E43216-30D7-2B90-BB31-915E4203E223}.Debug|Any CPU.ActiveCfg = Debug|Any CPU
		{F2E43216-30D7-2B90-BB31-915E4203E223}.Debug|Any CPU.Build.0 = Debug|Any CPU
		{F2E43216-30D7-2B90-BB31-915E4203E223}.Release|Any CPU.ActiveCfg = Release|Any CPU
		{F2E43216-30D7-2B90-BB31-915E4203E223}.Release|Any CPU.Build.0 = Release|Any CPU
	EndGlobalSection
	GlobalSection(SolutionProperties) = preSolution
		HideSolutionNode = FALSE
	EndGlobalSection
	GlobalSection(ExtensibilityGlobals) = postSolution
		SolutionGuid = {4E8DB415-6EBD-4121-A1E5-661B03908463}
	EndGlobalSection
EndGlobal
