
Microsoft Visual Studio Solution File, Format Version 12.00
# Visual Studio Version 17
VisualStudioVersion = 17.2.32616.157
MinimumVisualStudioVersion = 10.0.40219.1
Project("{9A19103F-16F7-4668-BE54-9A1E7A4F7556}") = "MinimalAPIs", "WebApiGestore\MinimalAPIs.csproj", "{2D62FD5A-343C-4EC8-99C2-25DECC6A345B}"
EndProject
Global
	GlobalSection(SolutionConfigurationPlatforms) = preSolution
		Debug|Any CPU = Debug|Any CPU
		Release|Any CPU = Release|Any CPU
	EndGlobalSection
	GlobalSection(ProjectConfigurationPlatforms) = postSolution
		{2D62FD5A-343C-4EC8-99C2-25DECC6A345B}.Debug|Any CPU.ActiveCfg = Debug|Any CPU
		{2D62FD5A-343C-4EC8-99C2-25DECC6A345B}.Debug|Any CPU.Build.0 = Debug|Any CPU
		{2D62FD5A-343C-4EC8-99C2-25DECC6A345B}.Release|Any CPU.ActiveCfg = Release|Any CPU
		{2D62FD5A-343C-4EC8-99C2-25DECC6A345B}.Release|Any CPU.Build.0 = Release|Any CPU
	EndGlobalSection
	GlobalSection(SolutionProperties) = preSolution
		HideSolutionNode = FALSE
	EndGlobalSection
	GlobalSection(ExtensibilityGlobals) = postSolution
		SolutionGuid = {4E8DB415-6EBD-4121-A1E5-661B03908463}
	EndGlobalSection
EndGlobal
