
Microsoft Visual Studio Solution File, Format Version 12.00
# Visual Studio Version 17
VisualStudioVersion = 17.9.34902.65
MinimumVisualStudioVersion = 10.0.40219.1
Project("{9A19103F-16F7-4668-BE54-9A1E7A4F7556}") = "WebAppCRSAPiattaformaERM", "WebAppCRSAPiattaformaERM.csproj", "{4C9D29E9-EFD2-42AB-BFB4-A31D3F71B2C5}"
EndProject
Project("{FAE04EC0-301F-11D3-BF4B-00C04F79EFBC}") = "WebAppCRSAPiattaformaERM.Test", "..\WebAppCRSAPiattaformaERM.Test\WebAppCRSAPiattaformaERM.Test.csproj", "{25411D9E-3EE1-4191-92DC-3B7B938CB29B}"
EndProject
Global
	GlobalSection(SolutionConfigurationPlatforms) = preSolution
		Debug|Any CPU = Debug|Any CPU
		Release|Any CPU = Release|Any CPU
	EndGlobalSection
	GlobalSection(ProjectConfigurationPlatforms) = postSolution
		{4C9D29E9-EFD2-42AB-BFB4-A31D3F71B2C5}.Debug|Any CPU.ActiveCfg = Debug|Any CPU
		{4C9D29E9-EFD2-42AB-BFB4-A31D3F71B2C5}.Debug|Any CPU.Build.0 = Debug|Any CPU
		{4C9D29E9-EFD2-42AB-BFB4-A31D3F71B2C5}.Release|Any CPU.ActiveCfg = Release|Any CPU
		{4C9D29E9-EFD2-42AB-BFB4-A31D3F71B2C5}.Release|Any CPU.Build.0 = Release|Any CPU
		{25411D9E-3EE1-4191-92DC-3B7B938CB29B}.Debug|Any CPU.ActiveCfg = Debug|Any CPU
		{25411D9E-3EE1-4191-92DC-3B7B938CB29B}.Debug|Any CPU.Build.0 = Debug|Any CPU
		{25411D9E-3EE1-4191-92DC-3B7B938CB29B}.Release|Any CPU.ActiveCfg = Release|Any CPU
		{25411D9E-3EE1-4191-92DC-3B7B938CB29B}.Release|Any CPU.Build.0 = Release|Any CPU
	EndGlobalSection
	GlobalSection(SolutionProperties) = preSolution
		HideSolutionNode = FALSE
	EndGlobalSection
	GlobalSection(ExtensibilityGlobals) = postSolution
		SolutionGuid = {4701E1FF-EE85-407F-A3DF-B232CFDEDFDC}
	EndGlobalSection
EndGlobal
